// !$*UTF8*$!
{
	archiveVersion = 1;
	classes = {
	};
	objectVersion = 51;
	objects = {

/* Begin PBXBuildFile section */
		37053145AAF59C5471D009CD /* Pods_LetsEat.framework in Frameworks */ = {isa = PBXBuildFile; fileRef = C20E1252C7C91CDB76B9B6CD /* Pods_LetsEat.framework */; };
		8FDE2E4523A33F2C009806EA /* TextFieldCustom.swift in Sources */ = {isa = PBXBuildFile; fileRef = 8FDE2E4423A33F2C009806EA /* TextFieldCustom.swift */; };
		8FDE2E4723A37220009806EA /* ButtonUICustom.swift in Sources */ = {isa = PBXBuildFile; fileRef = 8FDE2E4623A37220009806EA /* ButtonUICustom.swift */; };
		8FDE2E4A23A3757A009806EA /* User.swift in Sources */ = {isa = PBXBuildFile; fileRef = 8FDE2E4923A3757A009806EA /* User.swift */; };
		E00401EC23FB0D90003832F5 /* RegisterViewController.swift in Sources */ = {isa = PBXBuildFile; fileRef = E00401EB23FB0D90003832F5 /* RegisterViewController.swift */; };
		E015E83A23A551CF0078220D /* TransparentBarNavViewController.swift in Sources */ = {isa = PBXBuildFile; fileRef = E015E83923A551CF0078220D /* TransparentBarNavViewController.swift */; };
		E015E83D23A557260078220D /* Location_LanguageViewController.swift in Sources */ = {isa = PBXBuildFile; fileRef = E015E83C23A557260078220D /* Location_LanguageViewController.swift */; };
		E015E83F23A557400078220D /* Location_LanguageCell.swift in Sources */ = {isa = PBXBuildFile; fileRef = E015E83E23A557400078220D /* Location_LanguageCell.swift */; };
		E015E84123A565020078220D /* ButtonUIAction.swift in Sources */ = {isa = PBXBuildFile; fileRef = E015E84023A565020078220D /* ButtonUIAction.swift */; };
		E0220FF523AF52050069C4A5 /* WhereEatsCellList.swift in Sources */ = {isa = PBXBuildFile; fileRef = E0220FF423AF52050069C4A5 /* WhereEatsCellList.swift */; };
		E02448FA23BE601400BEA5AD /* MenuFoodViewController.swift in Sources */ = {isa = PBXBuildFile; fileRef = E02448F923BE601400BEA5AD /* MenuFoodViewController.swift */; };
		E02D3D5F23B8C08A004FA3C9 /* HeaderView.swift in Sources */ = {isa = PBXBuildFile; fileRef = E02D3D5E23B8C08A004FA3C9 /* HeaderView.swift */; };
		E02D3D6C23B8DEB2004FA3C9 /* imgFood.swift in Sources */ = {isa = PBXBuildFile; fileRef = E02D3D6B23B8DEB2004FA3C9 /* imgFood.swift */; };
		E036BCE923AEB6E60028DB5D /* WhereEatsViewController.swift in Sources */ = {isa = PBXBuildFile; fileRef = E036BCE823AEB6E60028DB5D /* WhereEatsViewController.swift */; };
		E036BCED23AEBBE00028DB5D /* imgWhereEats.swift in Sources */ = {isa = PBXBuildFile; fileRef = E036BCEC23AEBBE00028DB5D /* imgWhereEats.swift */; };
		E03DBD4523A3EB6600573AED /* MoreInfoViewController.swift in Sources */ = {isa = PBXBuildFile; fileRef = E03DBD4423A3EB6600573AED /* MoreInfoViewController.swift */; };
		E03DBD4723A3EC5100573AED /* Main_Storybroad.swift in Sources */ = {isa = PBXBuildFile; fileRef = E03DBD4623A3EC5100573AED /* Main_Storybroad.swift */; };
		E0628ED623F83E6700B2CD00 /* OrderFoodViewController.swift in Sources */ = {isa = PBXBuildFile; fileRef = E0628ED523F83E6700B2CD00 /* OrderFoodViewController.swift */; };
		E0628EDA23F88F3600B2CD00 /* FoodCellOrder.swift in Sources */ = {isa = PBXBuildFile; fileRef = E0628ED923F88F3600B2CD00 /* FoodCellOrder.swift */; };
		E06C7ABA23B7B5460073CA58 /* DeliveryViewController.swift in Sources */ = {isa = PBXBuildFile; fileRef = E06C7AB923B7B5460073CA58 /* DeliveryViewController.swift */; };
		E06C7ABD23B7BA520073CA58 /* FoodBlogViewController.swift in Sources */ = {isa = PBXBuildFile; fileRef = E06C7ABC23B7BA520073CA58 /* FoodBlogViewController.swift */; };
		E07803A423A95EF60072D1C4 /* BaseNavigationViewController.swift in Sources */ = {isa = PBXBuildFile; fileRef = E07803A323A95EF60072D1C4 /* BaseNavigationViewController.swift */; };
		E0795F2C23FAF09F00E0E003 /* Request.swift in Sources */ = {isa = PBXBuildFile; fileRef = E0795F2B23FAF09E00E0E003 /* Request.swift */; };
		E080B49323BBCDF9002789BF /* FoodCell.swift in Sources */ = {isa = PBXBuildFile; fileRef = E080B49223BBCDF9002789BF /* FoodCell.swift */; };
		E080B49723BBD957002789BF /* HeaderCell.swift in Sources */ = {isa = PBXBuildFile; fileRef = E080B49623BBD957002789BF /* HeaderCell.swift */; };
		E0874DF423EC48D7008348F5 /* MenuFood.swift in Sources */ = {isa = PBXBuildFile; fileRef = E0874DF323EC48D7008348F5 /* MenuFood.swift */; };
		E0874DF923EC608A008348F5 /* FoodsCell.swift in Sources */ = {isa = PBXBuildFile; fileRef = E0874DF823EC608A008348F5 /* FoodsCell.swift */; };
		E096EE6623F1B60D00971F98 /* FoodsCell2.swift in Sources */ = {isa = PBXBuildFile; fileRef = E096EE6523F1B60D00971F98 /* FoodsCell2.swift */; };
		E097FB0723A2C12700D8419F /* AppDelegate.swift in Sources */ = {isa = PBXBuildFile; fileRef = E097FB0623A2C12700D8419F /* AppDelegate.swift */; };
		E097FB0923A2C12700D8419F /* SceneDelegate.swift in Sources */ = {isa = PBXBuildFile; fileRef = E097FB0823A2C12700D8419F /* SceneDelegate.swift */; };
		E097FB0B23A2C12700D8419F /* ViewController.swift in Sources */ = {isa = PBXBuildFile; fileRef = E097FB0A23A2C12700D8419F /* ViewController.swift */; };
		E097FB0E23A2C12700D8419F /* Main.storyboard in Resources */ = {isa = PBXBuildFile; fileRef = E097FB0C23A2C12700D8419F /* Main.storyboard */; };
		E097FB1023A2C12900D8419F /* Assets.xcassets in Resources */ = {isa = PBXBuildFile; fileRef = E097FB0F23A2C12900D8419F /* Assets.xcassets */; };
		E097FB1323A2C12900D8419F /* LaunchScreen.storyboard in Resources */ = {isa = PBXBuildFile; fileRef = E097FB1123A2C12900D8419F /* LaunchScreen.storyboard */; };
		E0BE797A23B107FA008F2432 /* BaseTabBarViewController.swift in Sources */ = {isa = PBXBuildFile; fileRef = E0BE797923B107FA008F2432 /* BaseTabBarViewController.swift */; };
		E0BE797D23B10B7B008F2432 /* MainViewController.swift in Sources */ = {isa = PBXBuildFile; fileRef = E0BE797C23B10B7B008F2432 /* MainViewController.swift */; };
		E0BE798023B12823008F2432 /* NearLocationViewController.swift in Sources */ = {isa = PBXBuildFile; fileRef = E0BE797F23B12823008F2432 /* NearLocationViewController.swift */; };
		E0C9D94323A7EE33002D3149 /* Favorite_FoodViewController.swift in Sources */ = {isa = PBXBuildFile; fileRef = E0C9D94223A7EE33002D3149 /* Favorite_FoodViewController.swift */; };
		E0C9D94723A7EE65002D3149 /* Favorite_FoodCellList.swift in Sources */ = {isa = PBXBuildFile; fileRef = E0C9D94623A7EE65002D3149 /* Favorite_FoodCellList.swift */; };
		E0C9D94B23A800BD002D3149 /* imgFoodLocaltion.swift in Sources */ = {isa = PBXBuildFile; fileRef = E0C9D94A23A800BD002D3149 /* imgFoodLocaltion.swift */; };
		E0D1630223FC499200A1B79F /* BaseResponse.swift in Sources */ = {isa = PBXBuildFile; fileRef = E0D1630123FC499200A1B79F /* BaseResponse.swift */; };
		E0D1BDA123B132C600E4729C /* CategoryViewController.swift in Sources */ = {isa = PBXBuildFile; fileRef = E0D1BDA023B132C600E4729C /* CategoryViewController.swift */; };
		E0D1BDA323B132D700E4729C /* NotificationsViewController.swift in Sources */ = {isa = PBXBuildFile; fileRef = E0D1BDA223B132D700E4729C /* NotificationsViewController.swift */; };
		E0D1BDA523B132E800E4729C /* ProfileViewController.swift in Sources */ = {isa = PBXBuildFile; fileRef = E0D1BDA423B132E800E4729C /* ProfileViewController.swift */; };
		E0D1BDA723B13A9700E4729C /* MenuCell.swift in Sources */ = {isa = PBXBuildFile; fileRef = E0D1BDA623B13A9700E4729C /* MenuCell.swift */; };
		E0D1BDA923B13AAB00E4729C /* LocationCell.swift in Sources */ = {isa = PBXBuildFile; fileRef = E0D1BDA823B13AAB00E4729C /* LocationCell.swift */; };
		E0E1534223B3DC0D00EC4F73 /* MenuCellList.swift in Sources */ = {isa = PBXBuildFile; fileRef = E0E1534123B3DC0D00EC4F73 /* MenuCellList.swift */; };
		E0E1534423B3E16900EC4F73 /* Menu.swift in Sources */ = {isa = PBXBuildFile; fileRef = E0E1534323B3E16900EC4F73 /* Menu.swift */; };
		E0EE3C7923B52D6300F34750 /* LocationCellList.swift in Sources */ = {isa = PBXBuildFile; fileRef = E0EE3C7823B52D6300F34750 /* LocationCellList.swift */; };
/* End PBXBuildFile section */

/* Begin PBXFileReference section */
		5DAE3E451685E72A20279FD4 /* Pods-LetsEat.debug.xcconfig */ = {isa = PBXFileReference; includeInIndex = 1; lastKnownFileType = text.xcconfig; name = "Pods-LetsEat.debug.xcconfig"; path = "Target Support Files/Pods-LetsEat/Pods-LetsEat.debug.xcconfig"; sourceTree = "<group>"; };
		758793506921DFDF9AC7B732 /* Pods-LetsEat.release.xcconfig */ = {isa = PBXFileReference; includeInIndex = 1; lastKnownFileType = text.xcconfig; name = "Pods-LetsEat.release.xcconfig"; path = "Target Support Files/Pods-LetsEat/Pods-LetsEat.release.xcconfig"; sourceTree = "<group>"; };
		8FDE2E4423A33F2C009806EA /* TextFieldCustom.swift */ = {isa = PBXFileReference; lastKnownFileType = sourcecode.swift; path = TextFieldCustom.swift; sourceTree = "<group>"; };
		8FDE2E4623A37220009806EA /* ButtonUICustom.swift */ = {isa = PBXFileReference; lastKnownFileType = sourcecode.swift; path = ButtonUICustom.swift; sourceTree = "<group>"; };
		8FDE2E4923A3757A009806EA /* User.swift */ = {isa = PBXFileReference; lastKnownFileType = sourcecode.swift; path = User.swift; sourceTree = "<group>"; };
		C20E1252C7C91CDB76B9B6CD /* Pods_LetsEat.framework */ = {isa = PBXFileReference; explicitFileType = wrapper.framework; includeInIndex = 0; path = Pods_LetsEat.framework; sourceTree = BUILT_PRODUCTS_DIR; };
		E00401EB23FB0D90003832F5 /* RegisterViewController.swift */ = {isa = PBXFileReference; lastKnownFileType = sourcecode.swift; path = RegisterViewController.swift; sourceTree = "<group>"; };
		E015E83923A551CF0078220D /* TransparentBarNavViewController.swift */ = {isa = PBXFileReference; lastKnownFileType = sourcecode.swift; path = TransparentBarNavViewController.swift; sourceTree = "<group>"; };
		E015E83C23A557260078220D /* Location_LanguageViewController.swift */ = {isa = PBXFileReference; lastKnownFileType = sourcecode.swift; path = Location_LanguageViewController.swift; sourceTree = "<group>"; };
		E015E83E23A557400078220D /* Location_LanguageCell.swift */ = {isa = PBXFileReference; lastKnownFileType = sourcecode.swift; path = Location_LanguageCell.swift; sourceTree = "<group>"; };
		E015E84023A565020078220D /* ButtonUIAction.swift */ = {isa = PBXFileReference; lastKnownFileType = sourcecode.swift; path = ButtonUIAction.swift; sourceTree = "<group>"; };
		E0220FF423AF52050069C4A5 /* WhereEatsCellList.swift */ = {isa = PBXFileReference; lastKnownFileType = sourcecode.swift; path = WhereEatsCellList.swift; sourceTree = "<group>"; };
		E02448F923BE601400BEA5AD /* MenuFoodViewController.swift */ = {isa = PBXFileReference; lastKnownFileType = sourcecode.swift; path = MenuFoodViewController.swift; sourceTree = "<group>"; };
		E02D3D5E23B8C08A004FA3C9 /* HeaderView.swift */ = {isa = PBXFileReference; lastKnownFileType = sourcecode.swift; path = HeaderView.swift; sourceTree = "<group>"; };
		E02D3D6B23B8DEB2004FA3C9 /* imgFood.swift */ = {isa = PBXFileReference; lastKnownFileType = sourcecode.swift; path = imgFood.swift; sourceTree = "<group>"; };
		E036BCE823AEB6E60028DB5D /* WhereEatsViewController.swift */ = {isa = PBXFileReference; lastKnownFileType = sourcecode.swift; path = WhereEatsViewController.swift; sourceTree = "<group>"; };
		E036BCEC23AEBBE00028DB5D /* imgWhereEats.swift */ = {isa = PBXFileReference; lastKnownFileType = sourcecode.swift; path = imgWhereEats.swift; sourceTree = "<group>"; };
		E03DBD4423A3EB6600573AED /* MoreInfoViewController.swift */ = {isa = PBXFileReference; lastKnownFileType = sourcecode.swift; path = MoreInfoViewController.swift; sourceTree = "<group>"; };
		E03DBD4623A3EC5100573AED /* Main_Storybroad.swift */ = {isa = PBXFileReference; lastKnownFileType = sourcecode.swift; path = Main_Storybroad.swift; sourceTree = "<group>"; };
		E0628ED523F83E6700B2CD00 /* OrderFoodViewController.swift */ = {isa = PBXFileReference; lastKnownFileType = sourcecode.swift; path = OrderFoodViewController.swift; sourceTree = "<group>"; };
		E0628ED923F88F3600B2CD00 /* FoodCellOrder.swift */ = {isa = PBXFileReference; lastKnownFileType = sourcecode.swift; path = FoodCellOrder.swift; sourceTree = "<group>"; };
		E06C7AB923B7B5460073CA58 /* DeliveryViewController.swift */ = {isa = PBXFileReference; lastKnownFileType = sourcecode.swift; path = DeliveryViewController.swift; sourceTree = "<group>"; };
		E06C7ABC23B7BA520073CA58 /* FoodBlogViewController.swift */ = {isa = PBXFileReference; lastKnownFileType = sourcecode.swift; path = FoodBlogViewController.swift; sourceTree = "<group>"; };
		E07803A323A95EF60072D1C4 /* BaseNavigationViewController.swift */ = {isa = PBXFileReference; lastKnownFileType = sourcecode.swift; path = BaseNavigationViewController.swift; sourceTree = "<group>"; };
		E0795F2B23FAF09E00E0E003 /* Request.swift */ = {isa = PBXFileReference; fileEncoding = 4; lastKnownFileType = sourcecode.swift; path = Request.swift; sourceTree = "<group>"; };
		E080B49223BBCDF9002789BF /* FoodCell.swift */ = {isa = PBXFileReference; lastKnownFileType = sourcecode.swift; path = FoodCell.swift; sourceTree = "<group>"; };
		E080B49623BBD957002789BF /* HeaderCell.swift */ = {isa = PBXFileReference; lastKnownFileType = sourcecode.swift; path = HeaderCell.swift; sourceTree = "<group>"; };
		E0874DF323EC48D7008348F5 /* MenuFood.swift */ = {isa = PBXFileReference; lastKnownFileType = sourcecode.swift; path = MenuFood.swift; sourceTree = "<group>"; };
		E0874DF823EC608A008348F5 /* FoodsCell.swift */ = {isa = PBXFileReference; lastKnownFileType = sourcecode.swift; path = FoodsCell.swift; sourceTree = "<group>"; };
		E096EE6523F1B60D00971F98 /* FoodsCell2.swift */ = {isa = PBXFileReference; lastKnownFileType = sourcecode.swift; path = FoodsCell2.swift; sourceTree = "<group>"; };
		E097FB0323A2C12700D8419F /* LetsEat.app */ = {isa = PBXFileReference; explicitFileType = wrapper.application; includeInIndex = 0; path = LetsEat.app; sourceTree = BUILT_PRODUCTS_DIR; };
		E097FB0623A2C12700D8419F /* AppDelegate.swift */ = {isa = PBXFileReference; lastKnownFileType = sourcecode.swift; path = AppDelegate.swift; sourceTree = "<group>"; };
		E097FB0823A2C12700D8419F /* SceneDelegate.swift */ = {isa = PBXFileReference; lastKnownFileType = sourcecode.swift; path = SceneDelegate.swift; sourceTree = "<group>"; };
		E097FB0A23A2C12700D8419F /* ViewController.swift */ = {isa = PBXFileReference; lastKnownFileType = sourcecode.swift; name = ViewController.swift; path = ../../ViewController.swift; sourceTree = "<group>"; };
		E097FB0D23A2C12700D8419F /* Base */ = {isa = PBXFileReference; lastKnownFileType = file.storyboard; name = Base; path = Base.lproj/Main.storyboard; sourceTree = "<group>"; };
		E097FB0F23A2C12900D8419F /* Assets.xcassets */ = {isa = PBXFileReference; lastKnownFileType = folder.assetcatalog; path = Assets.xcassets; sourceTree = "<group>"; };
		E097FB1223A2C12900D8419F /* Base */ = {isa = PBXFileReference; lastKnownFileType = file.storyboard; name = Base; path = Base.lproj/LaunchScreen.storyboard; sourceTree = "<group>"; };
		E097FB1423A2C12900D8419F /* Info.plist */ = {isa = PBXFileReference; lastKnownFileType = text.plist.xml; path = Info.plist; sourceTree = "<group>"; };
		E0BE797923B107FA008F2432 /* BaseTabBarViewController.swift */ = {isa = PBXFileReference; lastKnownFileType = sourcecode.swift; path = BaseTabBarViewController.swift; sourceTree = "<group>"; };
		E0BE797C23B10B7B008F2432 /* MainViewController.swift */ = {isa = PBXFileReference; lastKnownFileType = sourcecode.swift; path = MainViewController.swift; sourceTree = "<group>"; };
		E0BE797F23B12823008F2432 /* NearLocationViewController.swift */ = {isa = PBXFileReference; lastKnownFileType = sourcecode.swift; path = NearLocationViewController.swift; sourceTree = "<group>"; };
		E0C9D94223A7EE33002D3149 /* Favorite_FoodViewController.swift */ = {isa = PBXFileReference; lastKnownFileType = sourcecode.swift; path = Favorite_FoodViewController.swift; sourceTree = "<group>"; };
		E0C9D94623A7EE65002D3149 /* Favorite_FoodCellList.swift */ = {isa = PBXFileReference; lastKnownFileType = sourcecode.swift; path = Favorite_FoodCellList.swift; sourceTree = "<group>"; };
		E0C9D94A23A800BD002D3149 /* imgFoodLocaltion.swift */ = {isa = PBXFileReference; lastKnownFileType = sourcecode.swift; path = imgFoodLocaltion.swift; sourceTree = "<group>"; };
		E0D1630123FC499200A1B79F /* BaseResponse.swift */ = {isa = PBXFileReference; lastKnownFileType = sourcecode.swift; path = BaseResponse.swift; sourceTree = "<group>"; };
		E0D1BDA023B132C600E4729C /* CategoryViewController.swift */ = {isa = PBXFileReference; lastKnownFileType = sourcecode.swift; path = CategoryViewController.swift; sourceTree = "<group>"; };
		E0D1BDA223B132D700E4729C /* NotificationsViewController.swift */ = {isa = PBXFileReference; lastKnownFileType = sourcecode.swift; path = NotificationsViewController.swift; sourceTree = "<group>"; };
		E0D1BDA423B132E800E4729C /* ProfileViewController.swift */ = {isa = PBXFileReference; lastKnownFileType = sourcecode.swift; path = ProfileViewController.swift; sourceTree = "<group>"; };
		E0D1BDA623B13A9700E4729C /* MenuCell.swift */ = {isa = PBXFileReference; lastKnownFileType = sourcecode.swift; path = MenuCell.swift; sourceTree = "<group>"; };
		E0D1BDA823B13AAB00E4729C /* LocationCell.swift */ = {isa = PBXFileReference; lastKnownFileType = sourcecode.swift; path = LocationCell.swift; sourceTree = "<group>"; };
		E0E1534123B3DC0D00EC4F73 /* MenuCellList.swift */ = {isa = PBXFileReference; lastKnownFileType = sourcecode.swift; path = MenuCellList.swift; sourceTree = "<group>"; };
		E0E1534323B3E16900EC4F73 /* Menu.swift */ = {isa = PBXFileReference; lastKnownFileType = sourcecode.swift; path = Menu.swift; sourceTree = "<group>"; };
		E0EE3C7823B52D6300F34750 /* LocationCellList.swift */ = {isa = PBXFileReference; lastKnownFileType = sourcecode.swift; path = LocationCellList.swift; sourceTree = "<group>"; };
/* End PBXFileReference section */

/* Begin PBXFrameworksBuildPhase section */
		E097FB0023A2C12700D8419F /* Frameworks */ = {
			isa = PBXFrameworksBuildPhase;
			buildActionMask = 2147483647;
			files = (
				37053145AAF59C5471D009CD /* Pods_LetsEat.framework in Frameworks */,
			);
			runOnlyForDeploymentPostprocessing = 0;
		};
/* End PBXFrameworksBuildPhase section */

/* Begin PBXGroup section */
		26391F42844C54F3E6134F07 /* Pods */ = {
			isa = PBXGroup;
			children = (
				5DAE3E451685E72A20279FD4 /* Pods-LetsEat.debug.xcconfig */,
				758793506921DFDF9AC7B732 /* Pods-LetsEat.release.xcconfig */,
			);
			path = Pods;
			sourceTree = "<group>";
		};
		8D5791AEFF4FA4FF32A5CBF1 /* Frameworks */ = {
			isa = PBXGroup;
			children = (
				C20E1252C7C91CDB76B9B6CD /* Pods_LetsEat.framework */,
			);
			name = Frameworks;
			sourceTree = "<group>";
		};
		8FDE2E4323A33F05009806EA /* Supporter */ = {
			isa = PBXGroup;
			children = (
				E0795F2B23FAF09E00E0E003 /* Request.swift */,
				8FDE2E4423A33F2C009806EA /* TextFieldCustom.swift */,
				8FDE2E4623A37220009806EA /* ButtonUICustom.swift */,
				E03DBD4623A3EC5100573AED /* Main_Storybroad.swift */,
				E015E83923A551CF0078220D /* TransparentBarNavViewController.swift */,
				E015E84023A565020078220D /* ButtonUIAction.swift */,
			);
			path = Supporter;
			sourceTree = "<group>";
		};
		8FDE2E4823A37567009806EA /* Model */ = {
			isa = PBXGroup;
			children = (
				8FDE2E4923A3757A009806EA /* User.swift */,
			);
			path = Model;
			sourceTree = "<group>";
		};
		E00401E423FB0D12003832F5 /* Register */ = {
			isa = PBXGroup;
			children = (
				E00401E723FB0D2E003832F5 /* Model */,
				E00401E523FB0D1C003832F5 /* Controller */,
			);
			path = Register;
			sourceTree = "<group>";
		};
		E00401E523FB0D1C003832F5 /* Controller */ = {
			isa = PBXGroup;
			children = (
				E00401EB23FB0D90003832F5 /* RegisterViewController.swift */,
			);
			path = Controller;
			sourceTree = "<group>";
		};
		E00401E723FB0D2E003832F5 /* Model */ = {
			isa = PBXGroup;
			children = (
				E0D1630123FC499200A1B79F /* BaseResponse.swift */,
			);
			path = Model;
			sourceTree = "<group>";
		};
		E00401E823FB0D39003832F5 /* Login */ = {
			isa = PBXGroup;
			children = (
				8FDE2E4823A37567009806EA /* Model */,
				E00401E923FB0D42003832F5 /* Controller */,
			);
			path = Login;
			sourceTree = "<group>";
		};
		E00401E923FB0D42003832F5 /* Controller */ = {
			isa = PBXGroup;
			children = (
				E097FB0A23A2C12700D8419F /* ViewController.swift */,
			);
			path = Controller;
			sourceTree = "<group>";
		};
		E015E83B23A556F00078220D /* Location_Language */ = {
			isa = PBXGroup;
			children = (
				E02D3D6723B8DD3A004FA3C9 /* View */,
				E02D3D6623B8DD30004FA3C9 /* Controller */,
			);
			path = Location_Language;
			sourceTree = "<group>";
		};
		E02D3D6023B8DCA6004FA3C9 /* Model */ = {
			isa = PBXGroup;
			children = (
				E036BCEC23AEBBE00028DB5D /* imgWhereEats.swift */,
			);
			path = Model;
			sourceTree = "<group>";
		};
		E02D3D6123B8DCBA004FA3C9 /* Controller */ = {
			isa = PBXGroup;
			children = (
				E036BCE823AEB6E60028DB5D /* WhereEatsViewController.swift */,
			);
			path = Controller;
			sourceTree = "<group>";
		};
		E02D3D6223B8DCCC004FA3C9 /* View */ = {
			isa = PBXGroup;
			children = (
				E0220FF423AF52050069C4A5 /* WhereEatsCellList.swift */,
			);
			path = View;
			sourceTree = "<group>";
		};
		E02D3D6323B8DCED004FA3C9 /* View */ = {
			isa = PBXGroup;
			children = (
				E02D3D5E23B8C08A004FA3C9 /* HeaderView.swift */,
				E0EE3C7823B52D6300F34750 /* LocationCellList.swift */,
				E0D1BDA823B13AAB00E4729C /* LocationCell.swift */,
				E0D1BDA623B13A9700E4729C /* MenuCell.swift */,
				E0E1534123B3DC0D00EC4F73 /* MenuCellList.swift */,
			);
			path = View;
			sourceTree = "<group>";
		};
		E02D3D6423B8DD04004FA3C9 /* Controller */ = {
			isa = PBXGroup;
			children = (
				E0BE797C23B10B7B008F2432 /* MainViewController.swift */,
			);
			path = Controller;
			sourceTree = "<group>";
		};
		E02D3D6523B8DD0E004FA3C9 /* Model */ = {
			isa = PBXGroup;
			children = (
				E0E1534323B3E16900EC4F73 /* Menu.swift */,
				E02D3D6B23B8DEB2004FA3C9 /* imgFood.swift */,
			);
			path = Model;
			sourceTree = "<group>";
		};
		E02D3D6623B8DD30004FA3C9 /* Controller */ = {
			isa = PBXGroup;
			children = (
				E015E83C23A557260078220D /* Location_LanguageViewController.swift */,
			);
			path = Controller;
			sourceTree = "<group>";
		};
		E02D3D6723B8DD3A004FA3C9 /* View */ = {
			isa = PBXGroup;
			children = (
				E015E83E23A557400078220D /* Location_LanguageCell.swift */,
			);
			path = View;
			sourceTree = "<group>";
		};
		E02D3D6823B8DD9E004FA3C9 /* Controller */ = {
			isa = PBXGroup;
			children = (
				E0C9D94223A7EE33002D3149 /* Favorite_FoodViewController.swift */,
			);
			path = Controller;
			sourceTree = "<group>";
		};
		E02D3D6923B8DDAB004FA3C9 /* View */ = {
			isa = PBXGroup;
			children = (
				E0C9D94623A7EE65002D3149 /* Favorite_FoodCellList.swift */,
			);
			path = View;
			sourceTree = "<group>";
		};
		E02D3D6A23B8DDE9004FA3C9 /* Model */ = {
			isa = PBXGroup;
			children = (
				E0C9D94A23A800BD002D3149 /* imgFoodLocaltion.swift */,
			);
			path = Model;
			sourceTree = "<group>";
		};
		E036BCE723AEB6B90028DB5D /* WhereEats */ = {
			isa = PBXGroup;
			children = (
				E02D3D6223B8DCCC004FA3C9 /* View */,
				E02D3D6123B8DCBA004FA3C9 /* Controller */,
				E02D3D6023B8DCA6004FA3C9 /* Model */,
			);
			path = WhereEats;
			sourceTree = "<group>";
		};
		E0628ED423F83DFF00B2CD00 /* OrderFood */ = {
			isa = PBXGroup;
			children = (
				E0628ED823F88F0F00B2CD00 /* View */,
				E0628ED723F83F1200B2CD00 /* Controller */,
			);
			path = OrderFood;
			sourceTree = "<group>";
		};
		E0628ED723F83F1200B2CD00 /* Controller */ = {
			isa = PBXGroup;
			children = (
				E0628ED523F83E6700B2CD00 /* OrderFoodViewController.swift */,
			);
			path = Controller;
			sourceTree = "<group>";
		};
		E0628ED823F88F0F00B2CD00 /* View */ = {
			isa = PBXGroup;
			children = (
				E0628ED923F88F3600B2CD00 /* FoodCellOrder.swift */,
			);
			path = View;
			sourceTree = "<group>";
		};
		E06C7AB823B7B51C0073CA58 /* Delivery */ = {
			isa = PBXGroup;
			children = (
				E0874DF223EC48B8008348F5 /* Model */,
				E080B49823BBDC38002789BF /* Controller */,
				E075368423BB8FFC0009FA5A /* View */,
			);
			path = Delivery;
			sourceTree = "<group>";
		};
		E06C7ABB23B7BA3F0073CA58 /* FoodBlog */ = {
			isa = PBXGroup;
			children = (
				E06C7ABC23B7BA520073CA58 /* FoodBlogViewController.swift */,
			);
			path = FoodBlog;
			sourceTree = "<group>";
		};
		E075368423BB8FFC0009FA5A /* View */ = {
			isa = PBXGroup;
			children = (
				E080B49223BBCDF9002789BF /* FoodCell.swift */,
				E080B49623BBD957002789BF /* HeaderCell.swift */,
			);
			path = View;
			sourceTree = "<group>";
		};
		E07803A523A95EFF0072D1C4 /* MoreInfo */ = {
			isa = PBXGroup;
			children = (
				E03DBD4423A3EB6600573AED /* MoreInfoViewController.swift */,
			);
			path = MoreInfo;
			sourceTree = "<group>";
		};
		E07803A623A95F080072D1C4 /* BaseViewController */ = {
			isa = PBXGroup;
			children = (
				E07803A323A95EF60072D1C4 /* BaseNavigationViewController.swift */,
				E0BE797923B107FA008F2432 /* BaseTabBarViewController.swift */,
			);
			path = BaseViewController;
			sourceTree = "<group>";
		};
		E080B49823BBDC38002789BF /* Controller */ = {
			isa = PBXGroup;
			children = (
				E06C7AB923B7B5460073CA58 /* DeliveryViewController.swift */,
			);
			path = Controller;
			sourceTree = "<group>";
		};
		E0874DF223EC48B8008348F5 /* Model */ = {
			isa = PBXGroup;
			children = (
				E0874DF323EC48D7008348F5 /* MenuFood.swift */,
			);
			path = Model;
			sourceTree = "<group>";
		};
		E0874DF523EC5DBB008348F5 /* MenuFood */ = {
			isa = PBXGroup;
			children = (
				E0874DF723EC604E008348F5 /* Controller */,
				E0874DF623EC603F008348F5 /* View */,
			);
			path = MenuFood;
			sourceTree = "<group>";
		};
		E0874DF623EC603F008348F5 /* View */ = {
			isa = PBXGroup;
			children = (
				E0874DF823EC608A008348F5 /* FoodsCell.swift */,
				E096EE6523F1B60D00971F98 /* FoodsCell2.swift */,
			);
			path = View;
			sourceTree = "<group>";
		};
		E0874DF723EC604E008348F5 /* Controller */ = {
			isa = PBXGroup;
			children = (
				E02448F923BE601400BEA5AD /* MenuFoodViewController.swift */,
			);
			path = Controller;
			sourceTree = "<group>";
		};
		E097FAFA23A2C12700D8419F = {
			isa = PBXGroup;
			children = (
				E097FB0523A2C12700D8419F /* LetsEat */,
				E097FB0423A2C12700D8419F /* Products */,
				26391F42844C54F3E6134F07 /* Pods */,
				8D5791AEFF4FA4FF32A5CBF1 /* Frameworks */,
			);
			sourceTree = "<group>";
		};
		E097FB0423A2C12700D8419F /* Products */ = {
			isa = PBXGroup;
			children = (
				E097FB0323A2C12700D8419F /* LetsEat.app */,
			);
			name = Products;
			sourceTree = "<group>";
		};
		E097FB0523A2C12700D8419F /* LetsEat */ = {
			isa = PBXGroup;
			children = (
				E00401E823FB0D39003832F5 /* Login */,
				E00401E423FB0D12003832F5 /* Register */,
				E0628ED423F83DFF00B2CD00 /* OrderFood */,
				E0874DF523EC5DBB008348F5 /* MenuFood */,
				E06C7ABB23B7BA3F0073CA58 /* FoodBlog */,
				E06C7AB823B7B51C0073CA58 /* Delivery */,
				E0D1BD9F23B1329E00E4729C /* Profile */,
				E0D1BD9E23B1326500E4729C /* Notifications */,
				E0D1BD9D23B1324E00E4729C /* Category */,
				E0BE797E23B1280F008F2432 /* Location */,
				E0BE797B23B10B57008F2432 /* Main */,
				E036BCE723AEB6B90028DB5D /* WhereEats */,
				E07803A623A95F080072D1C4 /* BaseViewController */,
				E07803A523A95EFF0072D1C4 /* MoreInfo */,
				E0C9D94123A7EDD2002D3149 /*  Favorite_Food */,
				E015E83B23A556F00078220D /* Location_Language */,
				8FDE2E4323A33F05009806EA /* Supporter */,
				E097FB0623A2C12700D8419F /* AppDelegate.swift */,
				E097FB0823A2C12700D8419F /* SceneDelegate.swift */,
				E097FB0C23A2C12700D8419F /* Main.storyboard */,
				E097FB0F23A2C12900D8419F /* Assets.xcassets */,
				E097FB1123A2C12900D8419F /* LaunchScreen.storyboard */,
				E097FB1423A2C12900D8419F /* Info.plist */,
			);
			path = LetsEat;
			sourceTree = "<group>";
		};
		E0BE797B23B10B57008F2432 /* Main */ = {
			isa = PBXGroup;
			children = (
				E02D3D6523B8DD0E004FA3C9 /* Model */,
				E02D3D6423B8DD04004FA3C9 /* Controller */,
				E02D3D6323B8DCED004FA3C9 /* View */,
			);
			path = Main;
			sourceTree = "<group>";
		};
		E0BE797E23B1280F008F2432 /* Location */ = {
			isa = PBXGroup;
			children = (
				E0BE797F23B12823008F2432 /* NearLocationViewController.swift */,
			);
			path = Location;
			sourceTree = "<group>";
		};
		E0C9D94123A7EDD2002D3149 /*  Favorite_Food */ = {
			isa = PBXGroup;
			children = (
				E02D3D6A23B8DDE9004FA3C9 /* Model */,
				E02D3D6923B8DDAB004FA3C9 /* View */,
				E02D3D6823B8DD9E004FA3C9 /* Controller */,
			);
			path = " Favorite_Food";
			sourceTree = "<group>";
		};
		E0D1BD9D23B1324E00E4729C /* Category */ = {
			isa = PBXGroup;
			children = (
				E0D1BDA023B132C600E4729C /* CategoryViewController.swift */,
			);
			path = Category;
			sourceTree = "<group>";
		};
		E0D1BD9E23B1326500E4729C /* Notifications */ = {
			isa = PBXGroup;
			children = (
				E0D1BDA223B132D700E4729C /* NotificationsViewController.swift */,
			);
			path = Notifications;
			sourceTree = "<group>";
		};
		E0D1BD9F23B1329E00E4729C /* Profile */ = {
			isa = PBXGroup;
			children = (
				E0D1BDA423B132E800E4729C /* ProfileViewController.swift */,
			);
			path = Profile;
			sourceTree = "<group>";
		};
/* End PBXGroup section */

/* Begin PBXNativeTarget section */
		E097FB0223A2C12700D8419F /* LetsEat */ = {
			isa = PBXNativeTarget;
			buildConfigurationList = E097FB1723A2C12900D8419F /* Build configuration list for PBXNativeTarget "LetsEat" */;
			buildPhases = (
				6D1AD05E28F4F97CDCDF76E4 /* [CP] Check Pods Manifest.lock */,
				E097FAFF23A2C12700D8419F /* Sources */,
				E097FB0023A2C12700D8419F /* Frameworks */,
				E097FB0123A2C12700D8419F /* Resources */,
				1C0C3408E9D620C8B81C68C5 /* [CP] Embed Pods Frameworks */,
			);
			buildRules = (
			);
			dependencies = (
			);
			name = LetsEat;
			productName = LetsEat;
			productReference = E097FB0323A2C12700D8419F /* LetsEat.app */;
			productType = "com.apple.product-type.application";
		};
/* End PBXNativeTarget section */

/* Begin PBXProject section */
		E097FAFB23A2C12700D8419F /* Project object */ = {
			isa = PBXProject;
			attributes = {
				LastSwiftUpdateCheck = 1120;
				LastUpgradeCheck = 1120;
				ORGANIZATIONNAME = thiet;
				TargetAttributes = {
					E097FB0223A2C12700D8419F = {
						CreatedOnToolsVersion = 11.2.1;
					};
				};
			};
			buildConfigurationList = E097FAFE23A2C12700D8419F /* Build configuration list for PBXProject "LetsEat" */;
			compatibilityVersion = "Xcode 9.3";
			developmentRegion = en;
			hasScannedForEncodings = 0;
			knownRegions = (
				en,
				Base,
			);
			mainGroup = E097FAFA23A2C12700D8419F;
			productRefGroup = E097FB0423A2C12700D8419F /* Products */;
			projectDirPath = "";
			projectRoot = "";
			targets = (
				E097FB0223A2C12700D8419F /* LetsEat */,
			);
		};
/* End PBXProject section */

/* Begin PBXResourcesBuildPhase section */
		E097FB0123A2C12700D8419F /* Resources */ = {
			isa = PBXResourcesBuildPhase;
			buildActionMask = 2147483647;
			files = (
				E097FB1323A2C12900D8419F /* LaunchScreen.storyboard in Resources */,
				E097FB1023A2C12900D8419F /* Assets.xcassets in Resources */,
				E097FB0E23A2C12700D8419F /* Main.storyboard in Resources */,
			);
			runOnlyForDeploymentPostprocessing = 0;
		};
/* End PBXResourcesBuildPhase section */

/* Begin PBXShellScriptBuildPhase section */
		1C0C3408E9D620C8B81C68C5 /* [CP] Embed Pods Frameworks */ = {
			isa = PBXShellScriptBuildPhase;
			buildActionMask = 2147483647;
			files = (
			);
			inputFileListPaths = (
				"${PODS_ROOT}/Target Support Files/Pods-LetsEat/Pods-LetsEat-frameworks-${CONFIGURATION}-input-files.xcfilelist",
			);
			name = "[CP] Embed Pods Frameworks";
			outputFileListPaths = (
				"${PODS_ROOT}/Target Support Files/Pods-LetsEat/Pods-LetsEat-frameworks-${CONFIGURATION}-output-files.xcfilelist",
			);
			runOnlyForDeploymentPostprocessing = 0;
			shellPath = /bin/sh;
			shellScript = "\"${PODS_ROOT}/Target Support Files/Pods-LetsEat/Pods-LetsEat-frameworks.sh\"\n";
			showEnvVarsInLog = 0;
		};
		6D1AD05E28F4F97CDCDF76E4 /* [CP] Check Pods Manifest.lock */ = {
			isa = PBXShellScriptBuildPhase;
			buildActionMask = 2147483647;
			files = (
			);
			inputFileListPaths = (
			);
			inputPaths = (
				"${PODS_PODFILE_DIR_PATH}/Podfile.lock",
				"${PODS_ROOT}/Manifest.lock",
			);
			name = "[CP] Check Pods Manifest.lock";
			outputFileListPaths = (
			);
			outputPaths = (
				"$(DERIVED_FILE_DIR)/Pods-LetsEat-checkManifestLockResult.txt",
			);
			runOnlyForDeploymentPostprocessing = 0;
			shellPath = /bin/sh;
			shellScript = "diff \"${PODS_PODFILE_DIR_PATH}/Podfile.lock\" \"${PODS_ROOT}/Manifest.lock\" > /dev/null\nif [ $? != 0 ] ; then\n    # print error to STDERR\n    echo \"error: The sandbox is not in sync with the Podfile.lock. Run 'pod install' or update your CocoaPods installation.\" >&2\n    exit 1\nfi\n# This output is used by Xcode 'outputs' to avoid re-running this script phase.\necho \"SUCCESS\" > \"${SCRIPT_OUTPUT_FILE_0}\"\n";
			showEnvVarsInLog = 0;
		};
/* End PBXShellScriptBuildPhase section */

/* Begin PBXSourcesBuildPhase section */
		E097FAFF23A2C12700D8419F /* Sources */ = {
			isa = PBXSourcesBuildPhase;
			buildActionMask = 2147483647;
			files = (
				E0BE797D23B10B7B008F2432 /* MainViewController.swift in Sources */,
				E02D3D6C23B8DEB2004FA3C9 /* imgFood.swift in Sources */,
				E080B49323BBCDF9002789BF /* FoodCell.swift in Sources */,
				8FDE2E4523A33F2C009806EA /* TextFieldCustom.swift in Sources */,
				E0874DF423EC48D7008348F5 /* MenuFood.swift in Sources */,
				E080B49723BBD957002789BF /* HeaderCell.swift in Sources */,
				E06C7ABD23B7BA520073CA58 /* FoodBlogViewController.swift in Sources */,
				E0E1534223B3DC0D00EC4F73 /* MenuCellList.swift in Sources */,
				E096EE6623F1B60D00971F98 /* FoodsCell2.swift in Sources */,
				E0D1630223FC499200A1B79F /* BaseResponse.swift in Sources */,
				E0C9D94B23A800BD002D3149 /* imgFoodLocaltion.swift in Sources */,
				E015E83D23A557260078220D /* Location_LanguageViewController.swift in Sources */,
				E0D1BDA723B13A9700E4729C /* MenuCell.swift in Sources */,
				E0BE797A23B107FA008F2432 /* BaseTabBarViewController.swift in Sources */,
				E0BE798023B12823008F2432 /* NearLocationViewController.swift in Sources */,
				E036BCED23AEBBE00028DB5D /* imgWhereEats.swift in Sources */,
				E0D1BDA923B13AAB00E4729C /* LocationCell.swift in Sources */,
				E07803A423A95EF60072D1C4 /* BaseNavigationViewController.swift in Sources */,
				E0D1BDA123B132C600E4729C /* CategoryViewController.swift in Sources */,
				E0628EDA23F88F3600B2CD00 /* FoodCellOrder.swift in Sources */,
				E015E83A23A551CF0078220D /* TransparentBarNavViewController.swift in Sources */,
				E015E84123A565020078220D /* ButtonUIAction.swift in Sources */,
				E097FB0B23A2C12700D8419F /* ViewController.swift in Sources */,
				8FDE2E4A23A3757A009806EA /* User.swift in Sources */,
				E00401EC23FB0D90003832F5 /* RegisterViewController.swift in Sources */,
				E03DBD4523A3EB6600573AED /* MoreInfoViewController.swift in Sources */,
				E0C9D94723A7EE65002D3149 /* Favorite_FoodCellList.swift in Sources */,
				E0EE3C7923B52D6300F34750 /* LocationCellList.swift in Sources */,
				E06C7ABA23B7B5460073CA58 /* DeliveryViewController.swift in Sources */,
				E0E1534423B3E16900EC4F73 /* Menu.swift in Sources */,
				E02D3D5F23B8C08A004FA3C9 /* HeaderView.swift in Sources */,
				E0795F2C23FAF09F00E0E003 /* Request.swift in Sources */,
				E0D1BDA323B132D700E4729C /* NotificationsViewController.swift in Sources */,
				E02448FA23BE601400BEA5AD /* MenuFoodViewController.swift in Sources */,
				8FDE2E4723A37220009806EA /* ButtonUICustom.swift in Sources */,
				E03DBD4723A3EC5100573AED /* Main_Storybroad.swift in Sources */,
				E015E83F23A557400078220D /* Location_LanguageCell.swift in Sources */,
				E0874DF923EC608A008348F5 /* FoodsCell.swift in Sources */,
				E097FB0723A2C12700D8419F /* AppDelegate.swift in Sources */,
				E097FB0923A2C12700D8419F /* SceneDelegate.swift in Sources */,
				E0220FF523AF52050069C4A5 /* WhereEatsCellList.swift in Sources */,
				E0D1BDA523B132E800E4729C /* ProfileViewController.swift in Sources */,
				E0C9D94323A7EE33002D3149 /* Favorite_FoodViewController.swift in Sources */,
				E036BCE923AEB6E60028DB5D /* WhereEatsViewController.swift in Sources */,
				E0628ED623F83E6700B2CD00 /* OrderFoodViewController.swift in Sources */,
			);
			runOnlyForDeploymentPostprocessing = 0;
		};
/* End PBXSourcesBuildPhase section */

/* Begin PBXVariantGroup section */
		E097FB0C23A2C12700D8419F /* Main.storyboard */ = {
			isa = PBXVariantGroup;
			children = (
				E097FB0D23A2C12700D8419F /* Base */,
			);
			name = Main.storyboard;
			sourceTree = "<group>";
		};
		E097FB1123A2C12900D8419F /* LaunchScreen.storyboard */ = {
			isa = PBXVariantGroup;
			children = (
				E097FB1223A2C12900D8419F /* Base */,
			);
			name = LaunchScreen.storyboard;
			sourceTree = "<group>";
		};
/* End PBXVariantGroup section */

/* Begin XCBuildConfiguration section */
		E097FB1523A2C12900D8419F /* Debug */ = {
			isa = XCBuildConfiguration;
			buildSettings = {
				ALWAYS_SEARCH_USER_PATHS = NO;
				CLANG_ANALYZER_NONNULL = YES;
				CLANG_ANALYZER_NUMBER_OBJECT_CONVERSION = YES_AGGRESSIVE;
				CLANG_CXX_LANGUAGE_STANDARD = "gnu++14";
				CLANG_CXX_LIBRARY = "libc++";
				CLANG_ENABLE_MODULES = YES;
				CLANG_ENABLE_OBJC_ARC = YES;
				CLANG_ENABLE_OBJC_WEAK = YES;
				CLANG_WARN_BLOCK_CAPTURE_AUTORELEASING = YES;
				CLANG_WARN_BOOL_CONVERSION = YES;
				CLANG_WARN_COMMA = YES;
				CLANG_WARN_CONSTANT_CONVERSION = YES;
				CLANG_WARN_DEPRECATED_OBJC_IMPLEMENTATIONS = YES;
				CLANG_WARN_DIRECT_OBJC_ISA_USAGE = YES_ERROR;
				CLANG_WARN_DOCUMENTATION_COMMENTS = YES;
				CLANG_WARN_EMPTY_BODY = YES;
				CLANG_WARN_ENUM_CONVERSION = YES;
				CLANG_WARN_INFINITE_RECURSION = YES;
				CLANG_WARN_INT_CONVERSION = YES;
				CLANG_WARN_NON_LITERAL_NULL_CONVERSION = YES;
				CLANG_WARN_OBJC_IMPLICIT_RETAIN_SELF = YES;
				CLANG_WARN_OBJC_LITERAL_CONVERSION = YES;
				CLANG_WARN_OBJC_ROOT_CLASS = YES_ERROR;
				CLANG_WARN_RANGE_LOOP_ANALYSIS = YES;
				CLANG_WARN_STRICT_PROTOTYPES = YES;
				CLANG_WARN_SUSPICIOUS_MOVE = YES;
				CLANG_WARN_UNGUARDED_AVAILABILITY = YES_AGGRESSIVE;
				CLANG_WARN_UNREACHABLE_CODE = YES;
				CLANG_WARN__DUPLICATE_METHOD_MATCH = YES;
				COPY_PHASE_STRIP = NO;
				DEBUG_INFORMATION_FORMAT = dwarf;
				ENABLE_STRICT_OBJC_MSGSEND = YES;
				ENABLE_TESTABILITY = YES;
				GCC_C_LANGUAGE_STANDARD = gnu11;
				GCC_DYNAMIC_NO_PIC = NO;
				GCC_NO_COMMON_BLOCKS = YES;
				GCC_OPTIMIZATION_LEVEL = 0;
				GCC_PREPROCESSOR_DEFINITIONS = (
					"DEBUG=1",
					"$(inherited)",
				);
				GCC_WARN_64_TO_32_BIT_CONVERSION = YES;
				GCC_WARN_ABOUT_RETURN_TYPE = YES_ERROR;
				GCC_WARN_UNDECLARED_SELECTOR = YES;
				GCC_WARN_UNINITIALIZED_AUTOS = YES_AGGRESSIVE;
				GCC_WARN_UNUSED_FUNCTION = YES;
				GCC_WARN_UNUSED_VARIABLE = YES;
				IPHONEOS_DEPLOYMENT_TARGET = 13.2;
				MTL_ENABLE_DEBUG_INFO = INCLUDE_SOURCE;
				MTL_FAST_MATH = YES;
				ONLY_ACTIVE_ARCH = YES;
				SDKROOT = iphoneos;
				SWIFT_ACTIVE_COMPILATION_CONDITIONS = DEBUG;
				SWIFT_OPTIMIZATION_LEVEL = "-Onone";
				VALIDATE_PRODUCT = YES;
			};
			name = Debug;
		};
		E097FB1623A2C12900D8419F /* Release */ = {
			isa = XCBuildConfiguration;
			buildSettings = {
				ALWAYS_SEARCH_USER_PATHS = NO;
				CLANG_ANALYZER_NONNULL = YES;
				CLANG_ANALYZER_NUMBER_OBJECT_CONVERSION = YES_AGGRESSIVE;
				CLANG_CXX_LANGUAGE_STANDARD = "gnu++14";
				CLANG_CXX_LIBRARY = "libc++";
				CLANG_ENABLE_MODULES = YES;
				CLANG_ENABLE_OBJC_ARC = YES;
				CLANG_ENABLE_OBJC_WEAK = YES;
				CLANG_WARN_BLOCK_CAPTURE_AUTORELEASING = YES;
				CLANG_WARN_BOOL_CONVERSION = YES;
				CLANG_WARN_COMMA = YES;
				CLANG_WARN_CONSTANT_CONVERSION = YES;
				CLANG_WARN_DEPRECATED_OBJC_IMPLEMENTATIONS = YES;
				CLANG_WARN_DIRECT_OBJC_ISA_USAGE = YES_ERROR;
				CLANG_WARN_DOCUMENTATION_COMMENTS = YES;
				CLANG_WARN_EMPTY_BODY = YES;
				CLANG_WARN_ENUM_CONVERSION = YES;
				CLANG_WARN_INFINITE_RECURSION = YES;
				CLANG_WARN_INT_CONVERSION = YES;
				CLANG_WARN_NON_LITERAL_NULL_CONVERSION = YES;
				CLANG_WARN_OBJC_IMPLICIT_RETAIN_SELF = YES;
				CLANG_WARN_OBJC_LITERAL_CONVERSION = YES;
				CLANG_WARN_OBJC_ROOT_CLASS = YES_ERROR;
				CLANG_WARN_RANGE_LOOP_ANALYSIS = YES;
				CLANG_WARN_STRICT_PROTOTYPES = YES;
				CLANG_WARN_SUSPICIOUS_MOVE = YES;
				CLANG_WARN_UNGUARDED_AVAILABILITY = YES_AGGRESSIVE;
				CLANG_WARN_UNREACHABLE_CODE = YES;
				CLANG_WARN__DUPLICATE_METHOD_MATCH = YES;
				COPY_PHASE_STRIP = NO;
				DEBUG_INFORMATION_FORMAT = "dwarf-with-dsym";
				ENABLE_NS_ASSERTIONS = NO;
				ENABLE_STRICT_OBJC_MSGSEND = YES;
				ENABLE_TESTABILITY = NO;
				GCC_C_LANGUAGE_STANDARD = gnu11;
				GCC_NO_COMMON_BLOCKS = YES;
				GCC_WARN_64_TO_32_BIT_CONVERSION = YES;
				GCC_WARN_ABOUT_RETURN_TYPE = YES_ERROR;
				GCC_WARN_UNDECLARED_SELECTOR = YES;
				GCC_WARN_UNINITIALIZED_AUTOS = YES_AGGRESSIVE;
				GCC_WARN_UNUSED_FUNCTION = YES;
				GCC_WARN_UNUSED_VARIABLE = YES;
				IPHONEOS_DEPLOYMENT_TARGET = 13.2;
				MTL_ENABLE_DEBUG_INFO = NO;
				MTL_FAST_MATH = YES;
				ONLY_ACTIVE_ARCH = YES;
				SDKROOT = iphoneos;
				SWIFT_COMPILATION_MODE = wholemodule;
				SWIFT_OPTIMIZATION_LEVEL = "-O";
				VALIDATE_PRODUCT = NO;
			};
			name = Release;
		};
		E097FB1823A2C12900D8419F /* Debug */ = {
			isa = XCBuildConfiguration;
			baseConfigurationReference = 5DAE3E451685E72A20279FD4 /* Pods-LetsEat.debug.xcconfig */;
			buildSettings = {
				ASSETCATALOG_COMPILER_APPICON_NAME = AppIcon;
				CODE_SIGN_IDENTITY = "Apple Development";
				CODE_SIGN_STYLE = Manual;
				DEVELOPMENT_ASSET_PATHS = "";
				DEVELOPMENT_TEAM = "";
				INFOPLIST_FILE = LetsEat/Info.plist;
				IPHONEOS_DEPLOYMENT_TARGET = 13.2;
				LD_RUNPATH_SEARCH_PATHS = (
					"$(inherited)",
					"@executable_path/Frameworks",
				);
				PRODUCT_BUNDLE_IDENTIFIER = thiet.LetsEat;
				PRODUCT_NAME = "$(TARGET_NAME)";
				PROVISIONING_PROFILE_SPECIFIER = "";
				SWIFT_VERSION = 5.0;
				TARGETED_DEVICE_FAMILY = 1;
			};
			name = Debug;
		};
		E097FB1923A2C12900D8419F /* Release */ = {
			isa = XCBuildConfiguration;
			baseConfigurationReference = 758793506921DFDF9AC7B732 /* Pods-LetsEat.release.xcconfig */;
			buildSettings = {
				ASSETCATALOG_COMPILER_APPICON_NAME = AppIcon;
				CODE_SIGN_IDENTITY = "Apple Development";
				CODE_SIGN_STYLE = Automatic;
				DEVELOPMENT_ASSET_PATHS = "";
				DEVELOPMENT_TEAM = 57ACH3ESNQ;
				INFOPLIST_FILE = LetsEat/Info.plist;
				IPHONEOS_DEPLOYMENT_TARGET = 13.2;
				LD_RUNPATH_SEARCH_PATHS = (
					"$(inherited)",
					"@executable_path/Frameworks",
				);
				MTL_ENABLE_DEBUG_INFO = NO;
				PRODUCT_BUNDLE_IDENTIFIER = thiet.LetsEat;
				PRODUCT_NAME = "$(TARGET_NAME)";
				PROVISIONING_PROFILE_SPECIFIER = "";
				SWIFT_VERSION = 5.0;
				TARGETED_DEVICE_FAMILY = 1;
			};
			name = Release;
		};
/* End XCBuildConfiguration section */

/* Begin XCConfigurationList section */
		E097FAFE23A2C12700D8419F /* Build configuration list for PBXProject "LetsEat" */ = {
			isa = XCConfigurationList;
			buildConfigurations = (
				E097FB1523A2C12900D8419F /* Debug */,
				E097FB1623A2C12900D8419F /* Release */,
			);
			defaultConfigurationIsVisible = 0;
			defaultConfigurationName = Release;
		};
		E097FB1723A2C12900D8419F /* Build configuration list for PBXNativeTarget "LetsEat" */ = {
			isa = XCConfigurationList;
			buildConfigurations = (
				E097FB1823A2C12900D8419F /* Debug */,
				E097FB1923A2C12900D8419F /* Release */,
			);
			defaultConfigurationIsVisible = 0;
			defaultConfigurationName = Release;
		};
/* End XCConfigurationList section */
	};
	rootObject = E097FAFB23A2C12700D8419F /* Project object */;
}
